
Microsoft Visual Studio Solution File, Format Version 12.00
# Visual Studio Version 17
VisualStudioVersion = 17.9.34723.18
MinimumVisualStudioVersion = 10.0.40219.1
Project("{9A19103F-16F7-4668-BE54-9A1E7A4F7556}") = "FoodToOrder_WebAPI", "FoodToOrder_WebAPI.csproj", "{21D330D1-E470-4269-A58B-973A47E7CA51}"
EndProject
Project("{9A19103F-16F7-4668-BE54-9A1E7A4F7556}") = "DatabaseFoodToOrder", "..\DatabaseFoodToOrder\DatabaseFoodToOrder.csproj", "{2E8558B1-2493-47A1-9EED-47CD2D8299F6}"
EndProject
Global
	GlobalSection(SolutionConfigurationPlatforms) = preSolution
		Debug|Any CPU = Debug|Any CPU
		Release|Any CPU = Release|Any CPU
	EndGlobalSection
	GlobalSection(ProjectConfigurationPlatforms) = postSolution
		{21D330D1-E470-4269-A58B-973A47E7CA51}.Debug|Any CPU.ActiveCfg = Debug|Any CPU
		{21D330D1-E470-4269-A58B-973A47E7CA51}.Debug|Any CPU.Build.0 = Debug|Any CPU
		{21D330D1-E470-4269-A58B-973A47E7CA51}.Release|Any CPU.ActiveCfg = Release|Any CPU
		{21D330D1-E470-4269-A58B-973A47E7CA51}.Release|Any CPU.Build.0 = Release|Any CPU
		{2E8558B1-2493-47A1-9EED-47CD2D8299F6}.Debug|Any CPU.ActiveCfg = Debug|Any CPU
		{2E8558B1-2493-47A1-9EED-47CD2D8299F6}.Debug|Any CPU.Build.0 = Debug|Any CPU
		{2E8558B1-2493-47A1-9EED-47CD2D8299F6}.Release|Any CPU.ActiveCfg = Release|Any CPU
		{2E8558B1-2493-47A1-9EED-47CD2D8299F6}.Release|Any CPU.Build.0 = Release|Any CPU
	EndGlobalSection
	GlobalSection(SolutionProperties) = preSolution
		HideSolutionNode = FALSE
	EndGlobalSection
	GlobalSection(ExtensibilityGlobals) = postSolution
		SolutionGuid = {03FFEE01-4193-4E03-AB10-519E8225188E}
	EndGlobalSection
EndGlobal
